
Microsoft Visual Studio Solution File, Format Version 12.00
# Visual Studio Version 16
VisualStudioVersion = 16.0.30611.23
MinimumVisualStudioVersion = 10.0.40219.1
Project("{FAE04EC0-301F-11D3-BF4B-00C04F79EFBC}") = "21-Enums and Switch", "21-Enums and Switch\21-Enums and Switch.csproj", "{9B21826A-1E47-4BC8-9290-B880D2721070}"
EndProject
Global
	GlobalSection(SolutionConfigurationPlatforms) = preSolution
		Debug|Any CPU = Debug|Any CPU
		Release|Any CPU = Release|Any CPU
	EndGlobalSection
	GlobalSection(ProjectConfigurationPlatforms) = postSolution
		{9B21826A-1E47-4BC8-9290-B880D2721070}.Debug|Any CPU.ActiveCfg = Debug|Any CPU
		{9B21826A-1E47-4BC8-9290-B880D2721070}.Debug|Any CPU.Build.0 = Debug|Any CPU
		{9B21826A-1E47-4BC8-9290-B880D2721070}.Release|Any CPU.ActiveCfg = Release|Any CPU
		{9B21826A-1E47-4BC8-9290-B880D2721070}.Release|Any CPU.Build.0 = Release|Any CPU
	EndGlobalSection
	GlobalSection(SolutionProperties) = preSolution
		HideSolutionNode = FALSE
	EndGlobalSection
	GlobalSection(ExtensibilityGlobals) = postSolution
		SolutionGuid = {D2980243-EA64-4E84-93B1-F36F5FA1AC3E}
	EndGlobalSection
EndGlobal
