
Microsoft Visual Studio Solution File, Format Version 12.00
# Visual Studio Version 16
VisualStudioVersion = 16.0.30517.126
MinimumVisualStudioVersion = 10.0.40219.1
Project("{FAE04EC0-301F-11D3-BF4B-00C04F79EFBC}") = "AssembliesAndNamespaces", "AssembliesAndNamespaces\AssembliesAndNamespaces.csproj", "{E188B5EC-704E-4CC5-8F0C-FA585FE708FB}"
EndProject
Global
	GlobalSection(SolutionConfigurationPlatforms) = preSolution
		Debug|Any CPU = Debug|Any CPU
		Release|Any CPU = Release|Any CPU
	EndGlobalSection
	GlobalSection(ProjectConfigurationPlatforms) = postSolution
		{E188B5EC-704E-4CC5-8F0C-FA585FE708FB}.Debug|Any CPU.ActiveCfg = Debug|Any CPU
		{E188B5EC-704E-4CC5-8F0C-FA585FE708FB}.Debug|Any CPU.Build.0 = Debug|Any CPU
		{E188B5EC-704E-4CC5-8F0C-FA585FE708FB}.Release|Any CPU.ActiveCfg = Release|Any CPU
		{E188B5EC-704E-4CC5-8F0C-FA585FE708FB}.Release|Any CPU.Build.0 = Release|Any CPU
	EndGlobalSection
	GlobalSection(SolutionProperties) = preSolution
		HideSolutionNode = FALSE
	EndGlobalSection
	GlobalSection(ExtensibilityGlobals) = postSolution
		SolutionGuid = {681A2092-9DD5-4BCC-869B-17C48B0CD79B}
	EndGlobalSection
EndGlobal
