
Microsoft Visual Studio Solution File, Format Version 12.00
# Visual Studio Version 16
VisualStudioVersion = 16.0.30517.126
MinimumVisualStudioVersion = 10.0.40219.1
Project("{FAE04EC0-301F-11D3-BF4B-00C04F79EFBC}") = "ConsoleApplication2", "ConsoleApplication2\ConsoleApplication2.csproj", "{C912E9AD-4D37-4BB9-AE9B-2719C01EF4FB}"
EndProject
Global
	GlobalSection(SolutionConfigurationPlatforms) = preSolution
		Debug|Any CPU = Debug|Any CPU
		Release|Any CPU = Release|Any CPU
	EndGlobalSection
	GlobalSection(ProjectConfigurationPlatforms) = postSolution
		{C912E9AD-4D37-4BB9-AE9B-2719C01EF4FB}.Debug|Any CPU.ActiveCfg = Debug|Any CPU
		{C912E9AD-4D37-4BB9-AE9B-2719C01EF4FB}.Debug|Any CPU.Build.0 = Debug|Any CPU
		{C912E9AD-4D37-4BB9-AE9B-2719C01EF4FB}.Release|Any CPU.ActiveCfg = Release|Any CPU
		{C912E9AD-4D37-4BB9-AE9B-2719C01EF4FB}.Release|Any CPU.Build.0 = Release|Any CPU
	EndGlobalSection
	GlobalSection(SolutionProperties) = preSolution
		HideSolutionNode = FALSE
	EndGlobalSection
	GlobalSection(ExtensibilityGlobals) = postSolution
		SolutionGuid = {86EB6F2E-9E27-4F3B-902C-D86B7ED6ED71}
	EndGlobalSection
EndGlobal
