
Microsoft Visual Studio Solution File, Format Version 12.00
# Visual Studio Version 16
VisualStudioVersion = 16.0.30517.126
MinimumVisualStudioVersion = 10.0.40219.1
Project("{FAE04EC0-301F-11D3-BF4B-00C04F79EFBC}") = "DatesAndTimes", "DatesAndTimes\DatesAndTimes.csproj", "{F3624BCB-0BF8-461D-9DEC-D875F579B94A}"
EndProject
Global
	GlobalSection(SolutionConfigurationPlatforms) = preSolution
		Debug|Any CPU = Debug|Any CPU
		Release|Any CPU = Release|Any CPU
	EndGlobalSection
	GlobalSection(ProjectConfigurationPlatforms) = postSolution
		{F3624BCB-0BF8-461D-9DEC-D875F579B94A}.Debug|Any CPU.ActiveCfg = Debug|Any CPU
		{F3624BCB-0BF8-461D-9DEC-D875F579B94A}.Debug|Any CPU.Build.0 = Debug|Any CPU
		{F3624BCB-0BF8-461D-9DEC-D875F579B94A}.Release|Any CPU.ActiveCfg = Release|Any CPU
		{F3624BCB-0BF8-461D-9DEC-D875F579B94A}.Release|Any CPU.Build.0 = Release|Any CPU
	EndGlobalSection
	GlobalSection(SolutionProperties) = preSolution
		HideSolutionNode = FALSE
	EndGlobalSection
	GlobalSection(ExtensibilityGlobals) = postSolution
		SolutionGuid = {3E0C26D0-4B68-4811-B17E-9F7D85DF7E6B}
	EndGlobalSection
EndGlobal
