
Microsoft Visual Studio Solution File, Format Version 12.00
# Visual Studio Version 16
VisualStudioVersion = 16.0.30523.141
MinimumVisualStudioVersion = 10.0.40219.1
Project("{FAE04EC0-301F-11D3-BF4B-00C04F79EFBC}") = "19-Working with collections", "19-Working with collections\19-Working with collections.csproj", "{DA41C35D-46F5-4615-B5DD-DA3567FCF70A}"
EndProject
Global
	GlobalSection(SolutionConfigurationPlatforms) = preSolution
		Debug|Any CPU = Debug|Any CPU
		Release|Any CPU = Release|Any CPU
	EndGlobalSection
	GlobalSection(ProjectConfigurationPlatforms) = postSolution
		{DA41C35D-46F5-4615-B5DD-DA3567FCF70A}.Debug|Any CPU.ActiveCfg = Debug|Any CPU
		{DA41C35D-46F5-4615-B5DD-DA3567FCF70A}.Debug|Any CPU.Build.0 = Debug|Any CPU
		{DA41C35D-46F5-4615-B5DD-DA3567FCF70A}.Release|Any CPU.ActiveCfg = Release|Any CPU
		{DA41C35D-46F5-4615-B5DD-DA3567FCF70A}.Release|Any CPU.Build.0 = Release|Any CPU
	EndGlobalSection
	GlobalSection(SolutionProperties) = preSolution
		HideSolutionNode = FALSE
	EndGlobalSection
	GlobalSection(ExtensibilityGlobals) = postSolution
		SolutionGuid = {175890C9-82E4-42EB-8C7A-D9C6B6CE434A}
	EndGlobalSection
EndGlobal
