
Microsoft Visual Studio Solution File, Format Version 12.00
# Visual Studio Version 16
VisualStudioVersion = 16.0.30517.126
MinimumVisualStudioVersion = 10.0.40219.1
Project("{FAE04EC0-301F-11D3-BF4B-00C04F79EFBC}") = "ScrapeLibrary", "ScrapeLibrary\ScrapeLibrary.csproj", "{2FAA4781-3288-4DAE-9D31-576C5D1A3102}"
EndProject
Project("{FAE04EC0-301F-11D3-BF4B-00C04F79EFBC}") = "ScrapeClient", "ScrapeClient\ScrapeClient.csproj", "{38F6D223-231C-4442-B208-B8CEE97022C3}"
EndProject
Global
	GlobalSection(SolutionConfigurationPlatforms) = preSolution
		Debug|Any CPU = Debug|Any CPU
		Release|Any CPU = Release|Any CPU
	EndGlobalSection
	GlobalSection(ProjectConfigurationPlatforms) = postSolution
		{2FAA4781-3288-4DAE-9D31-576C5D1A3102}.Debug|Any CPU.ActiveCfg = Debug|Any CPU
		{2FAA4781-3288-4DAE-9D31-576C5D1A3102}.Debug|Any CPU.Build.0 = Debug|Any CPU
		{2FAA4781-3288-4DAE-9D31-576C5D1A3102}.Release|Any CPU.ActiveCfg = Release|Any CPU
		{2FAA4781-3288-4DAE-9D31-576C5D1A3102}.Release|Any CPU.Build.0 = Release|Any CPU
		{38F6D223-231C-4442-B208-B8CEE97022C3}.Debug|Any CPU.ActiveCfg = Debug|Any CPU
		{38F6D223-231C-4442-B208-B8CEE97022C3}.Debug|Any CPU.Build.0 = Debug|Any CPU
		{38F6D223-231C-4442-B208-B8CEE97022C3}.Release|Any CPU.ActiveCfg = Release|Any CPU
		{38F6D223-231C-4442-B208-B8CEE97022C3}.Release|Any CPU.Build.0 = Release|Any CPU
	EndGlobalSection
	GlobalSection(SolutionProperties) = preSolution
		HideSolutionNode = FALSE
	EndGlobalSection
	GlobalSection(ExtensibilityGlobals) = postSolution
		SolutionGuid = {DDD7494F-06F8-45ED-9D61-3842423D2DBC}
	EndGlobalSection
EndGlobal
